
Microsoft Visual Studio Solution File, Format Version 11.00
# Visual Studio 2010
Project("{BBD0F5D1-1CC4-42FD-BA4C-A96779C64378}") = "rpschk", "rpschk.synproj", "{161918AE-A339-45D0-BB78-0BE6C928F5C0}"
EndProject
Global
	GlobalSection(SolutionConfigurationPlatforms) = preSolution
		Debug|Any CPU = Debug|Any CPU
		Release|Any CPU = Release|Any CPU
	EndGlobalSection
	GlobalSection(ProjectConfigurationPlatforms) = postSolution
		{161918AE-A339-45D0-BB78-0BE6C928F5C0}.Debug|Any CPU.ActiveCfg = Debug|Any CPU
		{161918AE-A339-45D0-BB78-0BE6C928F5C0}.Debug|Any CPU.Build.0 = Debug|Any CPU
		{161918AE-A339-45D0-BB78-0BE6C928F5C0}.Release|Any CPU.ActiveCfg = Release|Any CPU
		{161918AE-A339-45D0-BB78-0BE6C928F5C0}.Release|Any CPU.Build.0 = Release|Any CPU
	EndGlobalSection
	GlobalSection(SolutionProperties) = preSolution
		HideSolutionNode = FALSE
	EndGlobalSection
EndGlobal
