
Microsoft Visual Studio Solution File, Format Version 11.00
# Visual Studio 2010
Project("{BBD0F5D1-1CC4-42FD-BA4C-A96779C64378}") = "DateTime", "DateTime.synproj", "{37C5B952-1081-4869-9D5D-AE81DFEAFE65}"
EndProject
Global
	GlobalSection(SolutionConfigurationPlatforms) = preSolution
		Debug|Any CPU = Debug|Any CPU
		Release|Any CPU = Release|Any CPU
	EndGlobalSection
	GlobalSection(ProjectConfigurationPlatforms) = postSolution
		{37C5B952-1081-4869-9D5D-AE81DFEAFE65}.Debug|Any CPU.ActiveCfg = Debug|Any CPU
		{37C5B952-1081-4869-9D5D-AE81DFEAFE65}.Debug|Any CPU.Build.0 = Debug|Any CPU
		{37C5B952-1081-4869-9D5D-AE81DFEAFE65}.Release|Any CPU.ActiveCfg = Release|Any CPU
		{37C5B952-1081-4869-9D5D-AE81DFEAFE65}.Release|Any CPU.Build.0 = Release|Any CPU
	EndGlobalSection
	GlobalSection(SolutionProperties) = preSolution
		HideSolutionNode = FALSE
	EndGlobalSection
EndGlobal
