
Microsoft Visual Studio Solution File, Format Version 11.00
# Visual Studio 2010
Project("{BBD0F5D1-1CC4-42FD-BA4C-A96779C64378}") = "GetWindowSize", "GetWindowSize.synproj", "{49F8371D-AC90-4F82-8A6E-1409D6CC679E}"
EndProject
Global
	GlobalSection(SolutionConfigurationPlatforms) = preSolution
		Debug|Any CPU = Debug|Any CPU
		Release|Any CPU = Release|Any CPU
	EndGlobalSection
	GlobalSection(ProjectConfigurationPlatforms) = postSolution
		{49F8371D-AC90-4F82-8A6E-1409D6CC679E}.Debug|Any CPU.ActiveCfg = Debug|Any CPU
		{49F8371D-AC90-4F82-8A6E-1409D6CC679E}.Debug|Any CPU.Build.0 = Debug|Any CPU
		{49F8371D-AC90-4F82-8A6E-1409D6CC679E}.Release|Any CPU.ActiveCfg = Release|Any CPU
		{49F8371D-AC90-4F82-8A6E-1409D6CC679E}.Release|Any CPU.Build.0 = Release|Any CPU
	EndGlobalSection
	GlobalSection(SolutionProperties) = preSolution
		HideSolutionNode = FALSE
	EndGlobalSection
EndGlobal
