
Microsoft Visual Studio Solution File, Format Version 11.00
# Visual Studio 2010
Project("{BBD0F5D1-1CC4-42FD-BA4C-A96779C64378}") = "HTTPexample", "HTTPexample.synproj", "{CC836394-E61D-482C-9C17-C31FCBA47C61}"
EndProject
Global
	GlobalSection(SolutionConfigurationPlatforms) = preSolution
		Debug|Any CPU = Debug|Any CPU
		Release|Any CPU = Release|Any CPU
	EndGlobalSection
	GlobalSection(ProjectConfigurationPlatforms) = postSolution
		{CC836394-E61D-482C-9C17-C31FCBA47C61}.Debug|Any CPU.ActiveCfg = Debug|Any CPU
		{CC836394-E61D-482C-9C17-C31FCBA47C61}.Debug|Any CPU.Build.0 = Debug|Any CPU
		{CC836394-E61D-482C-9C17-C31FCBA47C61}.Release|Any CPU.ActiveCfg = Release|Any CPU
		{CC836394-E61D-482C-9C17-C31FCBA47C61}.Release|Any CPU.Build.0 = Release|Any CPU
	EndGlobalSection
	GlobalSection(SolutionProperties) = preSolution
		HideSolutionNode = FALSE
	EndGlobalSection
EndGlobal
