
Microsoft Visual Studio Solution File, Format Version 11.00
# Visual Studio 2010
Project("{BBD0F5D1-1CC4-42FD-BA4C-A96779C64378}") = "ismSts", "ismSts.synproj", "{B6BC0BFC-A92A-49E5-8A85-6E5ABC6E1648}"
EndProject
Global
	GlobalSection(SolutionConfigurationPlatforms) = preSolution
		Debug|Any CPU = Debug|Any CPU
		Release|Any CPU = Release|Any CPU
	EndGlobalSection
	GlobalSection(ProjectConfigurationPlatforms) = postSolution
		{B6BC0BFC-A92A-49E5-8A85-6E5ABC6E1648}.Debug|Any CPU.ActiveCfg = Debug|Any CPU
		{B6BC0BFC-A92A-49E5-8A85-6E5ABC6E1648}.Debug|Any CPU.Build.0 = Debug|Any CPU
		{B6BC0BFC-A92A-49E5-8A85-6E5ABC6E1648}.Release|Any CPU.ActiveCfg = Release|Any CPU
		{B6BC0BFC-A92A-49E5-8A85-6E5ABC6E1648}.Release|Any CPU.Build.0 = Release|Any CPU
	EndGlobalSection
	GlobalSection(SolutionProperties) = preSolution
		HideSolutionNode = FALSE
	EndGlobalSection
EndGlobal
