
Microsoft Visual Studio Solution File, Format Version 11.00
# Visual Studio 2010
Project("{BBD0F5D1-1CC4-42FD-BA4C-A96779C64378}") = "AxlSort", "AxlSort.synproj", "{94A94CE2-9C83-4D6F-9B87-2E52A3159D95}"
EndProject
Global
	GlobalSection(SolutionConfigurationPlatforms) = preSolution
		Debug|Any CPU = Debug|Any CPU
		Release|Any CPU = Release|Any CPU
	EndGlobalSection
	GlobalSection(ProjectConfigurationPlatforms) = postSolution
		{94A94CE2-9C83-4D6F-9B87-2E52A3159D95}.Debug|Any CPU.ActiveCfg = Debug|Any CPU
		{94A94CE2-9C83-4D6F-9B87-2E52A3159D95}.Debug|Any CPU.Build.0 = Debug|Any CPU
		{94A94CE2-9C83-4D6F-9B87-2E52A3159D95}.Release|Any CPU.ActiveCfg = Release|Any CPU
		{94A94CE2-9C83-4D6F-9B87-2E52A3159D95}.Release|Any CPU.Build.0 = Release|Any CPU
	EndGlobalSection
	GlobalSection(SolutionProperties) = preSolution
		HideSolutionNode = FALSE
	EndGlobalSection
EndGlobal
