
Microsoft Visual Studio Solution File, Format Version 11.00
# Visual Studio 2010
Project("{BBD0F5D1-1CC4-42FD-BA4C-A96779C64378}") = "lct_lmf", "lct_lmf.synproj", "{017B36D7-6603-4893-A6A1-B99C63766466}"
EndProject
Global
	GlobalSection(SolutionConfigurationPlatforms) = preSolution
		Debug|Any CPU = Debug|Any CPU
		Release|Any CPU = Release|Any CPU
	EndGlobalSection
	GlobalSection(ProjectConfigurationPlatforms) = postSolution
		{017B36D7-6603-4893-A6A1-B99C63766466}.Debug|Any CPU.ActiveCfg = Debug|Any CPU
		{017B36D7-6603-4893-A6A1-B99C63766466}.Debug|Any CPU.Build.0 = Debug|Any CPU
		{017B36D7-6603-4893-A6A1-B99C63766466}.Release|Any CPU.ActiveCfg = Release|Any CPU
		{017B36D7-6603-4893-A6A1-B99C63766466}.Release|Any CPU.Build.0 = Release|Any CPU
	EndGlobalSection
	GlobalSection(SolutionProperties) = preSolution
		HideSolutionNode = FALSE
	EndGlobalSection
EndGlobal
