
Microsoft Visual Studio Solution File, Format Version 11.00
# Visual Studio 2010
Project("{BBD0F5D1-1CC4-42FD-BA4C-A96779C64378}") = "UpsTrack", "UpsTrack.synproj", "{583956BB-1EFA-4660-9016-EE4F666BB5F0}"
EndProject
Global
	GlobalSection(SolutionConfigurationPlatforms) = preSolution
		Debug|Any CPU = Debug|Any CPU
		Release|Any CPU = Release|Any CPU
	EndGlobalSection
	GlobalSection(ProjectConfigurationPlatforms) = postSolution
		{583956BB-1EFA-4660-9016-EE4F666BB5F0}.Debug|Any CPU.ActiveCfg = Debug|Any CPU
		{583956BB-1EFA-4660-9016-EE4F666BB5F0}.Debug|Any CPU.Build.0 = Debug|Any CPU
		{583956BB-1EFA-4660-9016-EE4F666BB5F0}.Release|Any CPU.ActiveCfg = Release|Any CPU
		{583956BB-1EFA-4660-9016-EE4F666BB5F0}.Release|Any CPU.Build.0 = Release|Any CPU
	EndGlobalSection
	GlobalSection(SolutionProperties) = preSolution
		HideSolutionNode = FALSE
	EndGlobalSection
EndGlobal
