
Microsoft Visual Studio Solution File, Format Version 11.00
# Visual Studio 2010
Project("{BBD0F5D1-1CC4-42FD-BA4C-A96779C64378}") = "SocketExamplesServer", "SocketExamplesServer.synproj", "{CDC3043A-B17C-483A-B608-8031AAEF446D}"
EndProject
Global
	GlobalSection(SolutionConfigurationPlatforms) = preSolution
		Debug|Any CPU = Debug|Any CPU
		Release|Any CPU = Release|Any CPU
	EndGlobalSection
	GlobalSection(ProjectConfigurationPlatforms) = postSolution
		{CDC3043A-B17C-483A-B608-8031AAEF446D}.Debug|Any CPU.ActiveCfg = Debug|Any CPU
		{CDC3043A-B17C-483A-B608-8031AAEF446D}.Debug|Any CPU.Build.0 = Debug|Any CPU
		{CDC3043A-B17C-483A-B608-8031AAEF446D}.Release|Any CPU.ActiveCfg = Release|Any CPU
		{CDC3043A-B17C-483A-B608-8031AAEF446D}.Release|Any CPU.Build.0 = Release|Any CPU
	EndGlobalSection
	GlobalSection(SolutionProperties) = preSolution
		HideSolutionNode = FALSE
	EndGlobalSection
EndGlobal
