
Microsoft Visual Studio Solution File, Format Version 11.00
# Visual Studio 2010
Project("{BBD0F5D1-1CC4-42FD-BA4C-A96779C64378}") = "Registry", "Registry.synproj", "{F3015708-CC3F-477D-AFDD-57C9AA228B8F}"
EndProject
Global
	GlobalSection(SolutionConfigurationPlatforms) = preSolution
		Debug|Any CPU = Debug|Any CPU
		Release|Any CPU = Release|Any CPU
	EndGlobalSection
	GlobalSection(ProjectConfigurationPlatforms) = postSolution
		{F3015708-CC3F-477D-AFDD-57C9AA228B8F}.Debug|Any CPU.ActiveCfg = Debug|Any CPU
		{F3015708-CC3F-477D-AFDD-57C9AA228B8F}.Debug|Any CPU.Build.0 = Debug|Any CPU
		{F3015708-CC3F-477D-AFDD-57C9AA228B8F}.Release|Any CPU.ActiveCfg = Release|Any CPU
		{F3015708-CC3F-477D-AFDD-57C9AA228B8F}.Release|Any CPU.Build.0 = Release|Any CPU
	EndGlobalSection
	GlobalSection(SolutionProperties) = preSolution
		HideSolutionNode = FALSE
	EndGlobalSection
EndGlobal
