
Microsoft Visual Studio Solution File, Format Version 11.00
# Visual Studio 2010
Project("{BBD0F5D1-1CC4-42FD-BA4C-A96779C64378}") = "POP3mail", "POP3mail.synproj", "{62D543CD-AA99-44D5-AAE5-85D0BE9CEDFE}"
EndProject
Global
	GlobalSection(SolutionConfigurationPlatforms) = preSolution
		Debug|Any CPU = Debug|Any CPU
		Release|Any CPU = Release|Any CPU
	EndGlobalSection
	GlobalSection(ProjectConfigurationPlatforms) = postSolution
		{62D543CD-AA99-44D5-AAE5-85D0BE9CEDFE}.Debug|Any CPU.ActiveCfg = Debug|Any CPU
		{62D543CD-AA99-44D5-AAE5-85D0BE9CEDFE}.Debug|Any CPU.Build.0 = Debug|Any CPU
		{62D543CD-AA99-44D5-AAE5-85D0BE9CEDFE}.Release|Any CPU.ActiveCfg = Release|Any CPU
		{62D543CD-AA99-44D5-AAE5-85D0BE9CEDFE}.Release|Any CPU.Build.0 = Release|Any CPU
	EndGlobalSection
	GlobalSection(SolutionProperties) = preSolution
		HideSolutionNode = FALSE
	EndGlobalSection
EndGlobal
