
Microsoft Visual Studio Solution File, Format Version 11.00
# Visual Studio 2010
Project("{BBD0F5D1-1CC4-42FD-BA4C-A96779C64378}") = "url_encode", "url_encode.synproj", "{1F5790EC-8CB6-4033-90F4-A7714AE30AA8}"
EndProject
Global
	GlobalSection(SolutionConfigurationPlatforms) = preSolution
		Debug|Any CPU = Debug|Any CPU
		Release|Any CPU = Release|Any CPU
	EndGlobalSection
	GlobalSection(ProjectConfigurationPlatforms) = postSolution
		{1F5790EC-8CB6-4033-90F4-A7714AE30AA8}.Debug|Any CPU.ActiveCfg = Debug|Any CPU
		{1F5790EC-8CB6-4033-90F4-A7714AE30AA8}.Debug|Any CPU.Build.0 = Debug|Any CPU
		{1F5790EC-8CB6-4033-90F4-A7714AE30AA8}.Release|Any CPU.ActiveCfg = Release|Any CPU
		{1F5790EC-8CB6-4033-90F4-A7714AE30AA8}.Release|Any CPU.Build.0 = Release|Any CPU
	EndGlobalSection
	GlobalSection(SolutionProperties) = preSolution
		HideSolutionNode = FALSE
	EndGlobalSection
EndGlobal
